
Microsoft Visual Studio Solution File, Format Version 12.00
# Visual Studio Version 16
VisualStudioVersion = 16.0.30717.126
MinimumVisualStudioVersion = 10.0.40219.1
Project("{FAE04EC0-301F-11D3-BF4B-00C04F79EFBC}") = "RuleSet_ChainResponsibility_StrategiDesignPattern", "RuleSet_ChainResponsibility_StrategiDesignPattern\RuleSet_ChainResponsibility_StrategiDesignPattern.csproj", "{CDC45D48-16F9-4FEA-BFE9-304C69C91EA3}"
EndProject
Global
	GlobalSection(SolutionConfigurationPlatforms) = preSolution
		Debug|Any CPU = Debug|Any CPU
		Release|Any CPU = Release|Any CPU
	EndGlobalSection
	GlobalSection(ProjectConfigurationPlatforms) = postSolution
		{CDC45D48-16F9-4FEA-BFE9-304C69C91EA3}.Debug|Any CPU.ActiveCfg = Debug|Any CPU
		{CDC45D48-16F9-4FEA-BFE9-304C69C91EA3}.Debug|Any CPU.Build.0 = Debug|Any CPU
		{CDC45D48-16F9-4FEA-BFE9-304C69C91EA3}.Release|Any CPU.ActiveCfg = Release|Any CPU
		{CDC45D48-16F9-4FEA-BFE9-304C69C91EA3}.Release|Any CPU.Build.0 = Release|Any CPU
	EndGlobalSection
	GlobalSection(SolutionProperties) = preSolution
		HideSolutionNode = FALSE
	EndGlobalSection
	GlobalSection(ExtensibilityGlobals) = postSolution
		SolutionGuid = {0B5B1B0C-C248-4D3C-9C7B-7AB56B9BFACB}
	EndGlobalSection
EndGlobal
